
Microsoft Visual Studio Solution File, Format Version 12.00
# Visual Studio Version 16
VisualStudioVersion = 16.0.30114.105
MinimumVisualStudioVersion = 10.0.40219.1
Project("{9A19103F-16F7-4668-BE54-9A1E7A4F7556}") = "SportsStore", "SportsStore\SportsStore.csproj", "{A66D634D-CC39-4138-94D3-9E6481CE3514}"
EndProject
Project("{9A19103F-16F7-4668-BE54-9A1E7A4F7556}") = "SportsStore.Tests", "SportsStore.Tests\SportsStore.Tests.csproj", "{BBE393F1-5764-4DF5-ADBA-1D2ADA308F62}"
EndProject
Global
	GlobalSection(SolutionConfigurationPlatforms) = preSolution
		Debug|Any CPU = Debug|Any CPU
		Debug|x64 = Debug|x64
		Debug|x86 = Debug|x86
		Release|Any CPU = Release|Any CPU
		Release|x64 = Release|x64
		Release|x86 = Release|x86
	EndGlobalSection
	GlobalSection(ProjectConfigurationPlatforms) = postSolution
		{A66D634D-CC39-4138-94D3-9E6481CE3514}.Debug|Any CPU.ActiveCfg = Debug|Any CPU
		{A66D634D-CC39-4138-94D3-9E6481CE3514}.Debug|Any CPU.Build.0 = Debug|Any CPU
		{A66D634D-CC39-4138-94D3-9E6481CE3514}.Debug|x64.ActiveCfg = Debug|Any CPU
		{A66D634D-CC39-4138-94D3-9E6481CE3514}.Debug|x64.Build.0 = Debug|Any CPU
		{A66D634D-CC39-4138-94D3-9E6481CE3514}.Debug|x86.ActiveCfg = Debug|Any CPU
		{A66D634D-CC39-4138-94D3-9E6481CE3514}.Debug|x86.Build.0 = Debug|Any CPU
		{A66D634D-CC39-4138-94D3-9E6481CE3514}.Release|Any CPU.ActiveCfg = Release|Any CPU
		{A66D634D-CC39-4138-94D3-9E6481CE3514}.Release|Any CPU.Build.0 = Release|Any CPU
		{A66D634D-CC39-4138-94D3-9E6481CE3514}.Release|x64.ActiveCfg = Release|Any CPU
		{A66D634D-CC39-4138-94D3-9E6481CE3514}.Release|x64.Build.0 = Release|Any CPU
		{A66D634D-CC39-4138-94D3-9E6481CE3514}.Release|x86.ActiveCfg = Release|Any CPU
		{A66D634D-CC39-4138-94D3-9E6481CE3514}.Release|x86.Build.0 = Release|Any CPU
		{BBE393F1-5764-4DF5-ADBA-1D2ADA308F62}.Debug|Any CPU.ActiveCfg = Debug|Any CPU
		{BBE393F1-5764-4DF5-ADBA-1D2ADA308F62}.Debug|Any CPU.Build.0 = Debug|Any CPU
		{BBE393F1-5764-4DF5-ADBA-1D2ADA308F62}.Debug|x64.ActiveCfg = Debug|Any CPU
		{BBE393F1-5764-4DF5-ADBA-1D2ADA308F62}.Debug|x64.Build.0 = Debug|Any CPU
		{BBE393F1-5764-4DF5-ADBA-1D2ADA308F62}.Debug|x86.ActiveCfg = Debug|Any CPU
		{BBE393F1-5764-4DF5-ADBA-1D2ADA308F62}.Debug|x86.Build.0 = Debug|Any CPU
		{BBE393F1-5764-4DF5-ADBA-1D2ADA308F62}.Release|Any CPU.ActiveCfg = Release|Any CPU
		{BBE393F1-5764-4DF5-ADBA-1D2ADA308F62}.Release|Any CPU.Build.0 = Release|Any CPU
		{BBE393F1-5764-4DF5-ADBA-1D2ADA308F62}.Release|x64.ActiveCfg = Release|Any CPU
		{BBE393F1-5764-4DF5-ADBA-1D2ADA308F62}.Release|x64.Build.0 = Release|Any CPU
		{BBE393F1-5764-4DF5-ADBA-1D2ADA308F62}.Release|x86.ActiveCfg = Release|Any CPU
		{BBE393F1-5764-4DF5-ADBA-1D2ADA308F62}.Release|x86.Build.0 = Release|Any CPU
	EndGlobalSection
	GlobalSection(SolutionProperties) = preSolution
		HideSolutionNode = FALSE
	EndGlobalSection
	GlobalSection(ExtensibilityGlobals) = postSolution
		SolutionGuid = {8220C168-517E-4CA8-9136-0F2B507742DF}
	EndGlobalSection
EndGlobal
